{
    "_readme": [
        "This file locks the dependencies of your project to a known state",
        "Read more about it at https://getcomposer.org/doc/01-basic-usage.md#composer-lock-the-lock-file",
        "This file is @generated automatically"
    ],
    "hash": "fd5d8d2481005d36165e20a6a048e423",
    "content-hash": "708ed0ed6d501128efdc1ad46a95c219",
    "packages": [
        {
            "name": "bshaffer/oauth2-server-php",
            "version": "v1.8.0",
            "source": {
                "type": "git",
                "url": "https://github.com/bshaffer/oauth2-server-php.git",
                "reference": "058c98f73209f9c49495e1799d32c035196fe8b8"
            },
            "dist": {
                "type": "zip",
                "url": "https://api.github.com/repos/bshaffer/oauth2-server-php/zipball/058c98f73209f9c49495e1799d32c035196fe8b8",
                "reference": "058c98f73209f9c49495e1799d32c035196fe8b8",
                "shasum": ""
            },
            "require": {
                "php": ">=5.3.9"
            },
            "suggest": {
                "aws/aws-sdk-php": "~2.8 is required to use the DynamoDB storage engine",
                "firebase/php-jwt": "~2.2 is required to use JWT features",
                "predis/predis": "Required to use the Redis storage engine",
                "thobbs/phpcassa": "Required to use the Cassandra storage engine"
            },
            "type": "library",
            "autoload": {
                "psr-0": {
                    "OAuth2": "src/"
                }
            },
            "notification-url": "https://packagist.org/downloads/",
            "license": [
                "MIT"
            ],
            "authors": [
                {
                    "name": "Brent Shaffer",
                    "email": "bshafs@gmail.com",
                    "homepage": "http://brentertainment.com"
                }
            ],
            "description": "OAuth2 Server for PHP",
            "homepage": "http://github.com/bshaffer/oauth2-server-php",
            "keywords": [
                "auth",
                "oauth",
                "oauth2"
            ],
            "time": "2015-09-18 18:05:10"
        },
        {
            "name": "kleiram/transmission-php",
            "version": "dev-master",
            "source": {
                "type": "git",
                "url": "https://github.com/kleiram/transmission-php.git",
                "reference": "3a9da015251ab2a0dde241cc0ea0ea641ba9fc10"
            },
            "dist": {
                "type": "zip",
                "url": "https://api.github.com/repos/kleiram/transmission-php/zipball/3a9da015251ab2a0dde241cc0ea0ea641ba9fc10",
                "reference": "3a9da015251ab2a0dde241cc0ea0ea641ba9fc10",
                "shasum": ""
            },
            "require": {
                "kriswallsmith/buzz": ">=0.9",
                "symfony/property-access": ">=2.2.1"
            },
            "type": "library",
            "autoload": {
                "psr-0": {
                    "Transmission": "lib/"
                }
            },
            "notification-url": "https://packagist.org/downloads/",
            "license": [
                "BSD-2-Clause"
            ],
            "authors": [
                {
                    "name": "Ramon Kleiss",
                    "email": "ramon@cubilon.nl"
                }
            ],
            "description": "PHP Transmission client",
            "keywords": [
                "download",
                "torrent",
                "transmission"
            ],
            "time": "2016-09-01 08:48:10"
        },
        {
            "name": "kriswallsmith/buzz",
            "version": "v0.15",
            "source": {
                "type": "git",
                "url": "https://github.com/kriswallsmith/Buzz.git",
                "reference": "d4041666c3ffb379af02a92dabe81c904b35fab8"
            },
            "dist": {
                "type": "zip",
                "url": "https://api.github.com/repos/kriswallsmith/Buzz/zipball/d4041666c3ffb379af02a92dabe81c904b35fab8",
                "reference": "d4041666c3ffb379af02a92dabe81c904b35fab8",
                "shasum": ""
            },
            "require": {
                "php": ">=5.3.0"
            },
            "require-dev": {
                "phpunit/phpunit": "3.7.*"
            },
            "suggest": {
                "ext-curl": "*"
            },
            "type": "library",
            "autoload": {
                "psr-0": {
                    "Buzz": "lib/"
                }
            },
            "notification-url": "https://packagist.org/downloads/",
            "license": [
                "MIT"
            ],
            "authors": [
                {
                    "name": "Kris Wallsmith",
                    "email": "kris.wallsmith@gmail.com",
                    "homepage": "http://kriswallsmith.net/"
                }
            ],
            "description": "Lightweight HTTP client",
            "homepage": "https://github.com/kriswallsmith/Buzz",
            "keywords": [
                "curl",
                "http client"
            ],
            "time": "2015-06-25 17:26:56"
        },
        {
            "name": "paragonie/random_compat",
            "version": "v2.0.4",
            "source": {
                "type": "git",
                "url": "https://github.com/paragonie/random_compat.git",
                "reference": "a9b97968bcde1c4de2a5ec6cbd06a0f6c919b46e"
            },
            "dist": {
                "type": "zip",
                "url": "https://api.github.com/repos/paragonie/random_compat/zipball/a9b97968bcde1c4de2a5ec6cbd06a0f6c919b46e",
                "reference": "a9b97968bcde1c4de2a5ec6cbd06a0f6c919b46e",
                "shasum": ""
            },
            "require": {
                "php": ">=5.2.0"
            },
            "require-dev": {
                "phpunit/phpunit": "4.*|5.*"
            },
            "suggest": {
                "ext-libsodium": "Provides a modern crypto API that can be used to generate random bytes."
            },
            "type": "library",
            "autoload": {
                "files": [
                    "lib/random.php"
                ]
            },
            "notification-url": "https://packagist.org/downloads/",
            "license": [
                "MIT"
            ],
            "authors": [
                {
                    "name": "Paragon Initiative Enterprises",
                    "email": "security@paragonie.com",
                    "homepage": "https://paragonie.com"
                }
            ],
            "description": "PHP 5.x polyfill for random_bytes() and random_int() from PHP 7",
            "keywords": [
                "csprng",
                "pseudorandom",
                "random"
            ],
            "time": "2016-11-07 23:38:38"
        },
        {
            "name": "rutger/restphp",
            "version": "v2.2.0",
            "source": {
                "type": "git",
                "url": "https://github.com/rutger-speksnijder/restphp.git",
                "reference": "fd288326e0c6be82a6addaf5b6759d4ddf61034d"
            },
            "dist": {
                "type": "zip",
                "url": "https://api.github.com/repos/rutger-speksnijder/restphp/zipball/fd288326e0c6be82a6addaf5b6759d4ddf61034d",
                "reference": "fd288326e0c6be82a6addaf5b6759d4ddf61034d",
                "shasum": ""
            },
            "require": {
                "bshaffer/oauth2-server-php": "~1.8",
                "php": ">=5.4.0",
                "rutger/simpleroute": "^1.1"
            },
            "type": "library",
            "autoload": {
                "psr-0": {
                    "RestPHP\\": "src/"
                }
            },
            "notification-url": "https://packagist.org/downloads/",
            "license": [
                "MIT"
            ],
            "authors": [
                {
                    "name": "Rutger Speksnijder",
                    "email": "rutgerspeksnijder@hotmail.com",
                    "homepage": "https://github.com/rutger-speksnijder",
                    "role": "Developer"
                }
            ],
            "description": "A basic library for creating RESTful PHP API's.",
            "homepage": "https://github.com/rutger-speksnijder/restphp",
            "keywords": [
                "api",
                "basic",
                "library",
                "php",
                "rest",
                "restful"
            ],
            "time": "2017-01-02 18:05:48"
        },
        {
            "name": "rutger/simpleroute",
            "version": "v1.1.0",
            "source": {
                "type": "git",
                "url": "https://github.com/rutger-speksnijder/simpleroute.git",
                "reference": "b9ca5d97ade90a7b1e835fc397ed44dbc93e02c6"
            },
            "dist": {
                "type": "zip",
                "url": "https://api.github.com/repos/rutger-speksnijder/simpleroute/zipball/b9ca5d97ade90a7b1e835fc397ed44dbc93e02c6",
                "reference": "b9ca5d97ade90a7b1e835fc397ed44dbc93e02c6",
                "shasum": ""
            },
            "require": {
                "php": ">=5.4.0"
            },
            "type": "library",
            "autoload": {
                "psr-0": {
                    "SimpleRoute\\": "src/"
                }
            },
            "notification-url": "https://packagist.org/downloads/",
            "license": [
                "MIT"
            ],
            "authors": [
                {
                    "name": "Rutger Speksnijder",
                    "email": "rutgerspeksnijder@hotmail.com",
                    "homepage": "https://github.com/rutger-speksnijder",
                    "role": "Developer"
                }
            ],
            "description": "A simple and easy to use router for PHP.",
            "homepage": "https://github.com/rutger-speksnijder/simpleroute",
            "keywords": [
                "Simple",
                "basic",
                "easy",
                "library",
                "php",
                "route",
                "router"
            ],
            "time": "2016-12-09 22:15:48"
        },
        {
            "name": "symfony/inflector",
            "version": "v3.2.1",
            "source": {
                "type": "git",
                "url": "https://github.com/symfony/inflector.git",
                "reference": "50453f605f0f7f397aad4a4566d2b1d1fab9c3e2"
            },
            "dist": {
                "type": "zip",
                "url": "https://api.github.com/repos/symfony/inflector/zipball/50453f605f0f7f397aad4a4566d2b1d1fab9c3e2",
                "reference": "50453f605f0f7f397aad4a4566d2b1d1fab9c3e2",
                "shasum": ""
            },
            "require": {
                "php": ">=5.5.9"
            },
            "type": "library",
            "extra": {
                "branch-alias": {
                    "dev-master": "3.2-dev"
                }
            },
            "autoload": {
                "psr-4": {
                    "Symfony\\Component\\Inflector\\": ""
                },
                "exclude-from-classmap": [
                    "/Tests/"
                ]
            },
            "notification-url": "https://packagist.org/downloads/",
            "license": [
                "MIT"
            ],
            "authors": [
                {
                    "name": "Bernhard Schussek",
                    "email": "bschussek@gmail.com"
                },
                {
                    "name": "Symfony Community",
                    "homepage": "https://symfony.com/contributors"
                }
            ],
            "description": "Symfony Inflector Component",
            "homepage": "https://symfony.com",
            "keywords": [
                "inflection",
                "pluralize",
                "singularize",
                "string",
                "symfony",
                "words"
            ],
            "time": "2016-06-14 11:18:32"
        },
        {
            "name": "symfony/polyfill-php70",
            "version": "v1.3.0",
            "source": {
                "type": "git",
                "url": "https://github.com/symfony/polyfill-php70.git",
                "reference": "13ce343935f0f91ca89605a2f6ca6f5c2f3faac2"
            },
            "dist": {
                "type": "zip",
                "url": "https://api.github.com/repos/symfony/polyfill-php70/zipball/13ce343935f0f91ca89605a2f6ca6f5c2f3faac2",
                "reference": "13ce343935f0f91ca89605a2f6ca6f5c2f3faac2",
                "shasum": ""
            },
            "require": {
                "paragonie/random_compat": "~1.0|~2.0",
                "php": ">=5.3.3"
            },
            "type": "library",
            "extra": {
                "branch-alias": {
                    "dev-master": "1.3-dev"
                }
            },
            "autoload": {
                "psr-4": {
                    "Symfony\\Polyfill\\Php70\\": ""
                },
                "files": [
                    "bootstrap.php"
                ],
                "classmap": [
                    "Resources/stubs"
                ]
            },
            "notification-url": "https://packagist.org/downloads/",
            "license": [
                "MIT"
            ],
            "authors": [
                {
                    "name": "Nicolas Grekas",
                    "email": "p@tchwork.com"
                },
                {
                    "name": "Symfony Community",
                    "homepage": "https://symfony.com/contributors"
                }
            ],
            "description": "Symfony polyfill backporting some PHP 7.0+ features to lower PHP versions",
            "homepage": "https://symfony.com",
            "keywords": [
                "compatibility",
                "polyfill",
                "portable",
                "shim"
            ],
            "time": "2016-11-14 01:06:16"
        },
        {
            "name": "symfony/property-access",
            "version": "v3.2.1",
            "source": {
                "type": "git",
                "url": "https://github.com/symfony/property-access.git",
                "reference": "1cee1399154c1ac20184587ba4a6908488bf5eee"
            },
            "dist": {
                "type": "zip",
                "url": "https://api.github.com/repos/symfony/property-access/zipball/1cee1399154c1ac20184587ba4a6908488bf5eee",
                "reference": "1cee1399154c1ac20184587ba4a6908488bf5eee",
                "shasum": ""
            },
            "require": {
                "php": ">=5.5.9",
                "symfony/inflector": "~3.1",
                "symfony/polyfill-php70": "~1.0"
            },
            "require-dev": {
                "symfony/cache": "~3.1"
            },
            "suggest": {
                "psr/cache-implementation": "To cache access methods."
            },
            "type": "library",
            "extra": {
                "branch-alias": {
                    "dev-master": "3.2-dev"
                }
            },
            "autoload": {
                "psr-4": {
                    "Symfony\\Component\\PropertyAccess\\": ""
                },
                "exclude-from-classmap": [
                    "/Tests/"
                ]
            },
            "notification-url": "https://packagist.org/downloads/",
            "license": [
                "MIT"
            ],
            "authors": [
                {
                    "name": "Fabien Potencier",
                    "email": "fabien@symfony.com"
                },
                {
                    "name": "Symfony Community",
                    "homepage": "https://symfony.com/contributors"
                }
            ],
            "description": "Symfony PropertyAccess Component",
            "homepage": "https://symfony.com",
            "keywords": [
                "access",
                "array",
                "extraction",
                "index",
                "injection",
                "object",
                "property",
                "property path",
                "reflection"
            ],
            "time": "2016-12-08 15:18:22"
        }
    ],
    "packages-dev": [],
    "aliases": [],
    "minimum-stability": "stable",
    "stability-flags": {
        "kleiram/transmission-php": 20
    },
    "prefer-stable": false,
    "prefer-lowest": false,
    "platform": [],
    "platform-dev": []
}
